
Microsoft Visual Studio Solution File, Format Version 12.00
# Visual Studio Version 17
VisualStudioVersion = 17.7.34221.43
MinimumVisualStudioVersion = 10.0.40219.1
Project("{FAE04EC0-301F-11D3-BF4B-00C04F79EFBC}") = "UserSystemAPI", "UserSystemAPI\UserSystemAPI.csproj", "{D84542FC-50FE-4C9F-8AAE-134BA3A7FFDD}"
EndProject
Project("{E53339B2-1760-4266-BCC7-CA923CBCF16C}") = "docker-compose", "docker-compose.dcproj", "{873B4B26-BD33-4D8F-B232-2E48D5C88290}"
EndProject
Global
	GlobalSection(SolutionConfigurationPlatforms) = preSolution
		Debug|Any CPU = Debug|Any CPU
		Release|Any CPU = Release|Any CPU
	EndGlobalSection
	GlobalSection(ProjectConfigurationPlatforms) = postSolution
		{D84542FC-50FE-4C9F-8AAE-134BA3A7FFDD}.Debug|Any CPU.ActiveCfg = Debug|Any CPU
		{D84542FC-50FE-4C9F-8AAE-134BA3A7FFDD}.Debug|Any CPU.Build.0 = Debug|Any CPU
		{D84542FC-50FE-4C9F-8AAE-134BA3A7FFDD}.Release|Any CPU.ActiveCfg = Release|Any CPU
		{D84542FC-50FE-4C9F-8AAE-134BA3A7FFDD}.Release|Any CPU.Build.0 = Release|Any CPU
		{873B4B26-BD33-4D8F-B232-2E48D5C88290}.Debug|Any CPU.ActiveCfg = Debug|Any CPU
		{873B4B26-BD33-4D8F-B232-2E48D5C88290}.Debug|Any CPU.Build.0 = Debug|Any CPU
		{873B4B26-BD33-4D8F-B232-2E48D5C88290}.Release|Any CPU.ActiveCfg = Release|Any CPU
		{873B4B26-BD33-4D8F-B232-2E48D5C88290}.Release|Any CPU.Build.0 = Release|Any CPU
	EndGlobalSection
	GlobalSection(SolutionProperties) = preSolution
		HideSolutionNode = FALSE
	EndGlobalSection
	GlobalSection(ExtensibilityGlobals) = postSolution
		SolutionGuid = {F7BB90D1-4AF4-403F-8897-3CA5660CB4FF}
	EndGlobalSection
EndGlobal
